
Microsoft Visual Studio Solution File, Format Version 12.00
# Visual Studio Version 16
VisualStudioVersion = 16.0.29806.167
MinimumVisualStudioVersion = 10.0.40219.1
Project("{8BC9CEB8-8B4A-11D0-8D11-00A0C91BC942}") = "WS04", "WS04\WS04.vcxproj", "{ED4BA2E5-0620-483A-9DD7-F6F9A10D2A67}"
EndProject
Global
	GlobalSection(SolutionConfigurationPlatforms) = preSolution
		Debug|x64 = Debug|x64
		Debug|x86 = Debug|x86
		Release|x64 = Release|x64
		Release|x86 = Release|x86
	EndGlobalSection
	GlobalSection(ProjectConfigurationPlatforms) = postSolution
		{ED4BA2E5-0620-483A-9DD7-F6F9A10D2A67}.Debug|x64.ActiveCfg = Debug|x64
		{ED4BA2E5-0620-483A-9DD7-F6F9A10D2A67}.Debug|x64.Build.0 = Debug|x64
		{ED4BA2E5-0620-483A-9DD7-F6F9A10D2A67}.Debug|x86.ActiveCfg = Debug|Win32
		{ED4BA2E5-0620-483A-9DD7-F6F9A10D2A67}.Debug|x86.Build.0 = Debug|Win32
		{ED4BA2E5-0620-483A-9DD7-F6F9A10D2A67}.Release|x64.ActiveCfg = Release|x64
		{ED4BA2E5-0620-483A-9DD7-F6F9A10D2A67}.Release|x64.Build.0 = Release|x64
		{ED4BA2E5-0620-483A-9DD7-F6F9A10D2A67}.Release|x86.ActiveCfg = Release|Win32
		{ED4BA2E5-0620-483A-9DD7-F6F9A10D2A67}.Release|x86.Build.0 = Release|Win32
	EndGlobalSection
	GlobalSection(SolutionProperties) = preSolution
		HideSolutionNode = FALSE
	EndGlobalSection
	GlobalSection(ExtensibilityGlobals) = postSolution
		SolutionGuid = {569A4A0A-84A5-4379-B797-9EEF905521BE}
	EndGlobalSection
EndGlobal
